// !$*UTF8*$!
{
	archiveVersion = 1;
	classes = {
	};
	objectVersion = 46;
	objects = {

/* Begin PBXBuildFile section */
		EB0993921C17A258000EA308 /* AppDelegate.swift in Sources */ = {isa = PBXBuildFile; fileRef = EB0993911C17A258000EA308 /* AppDelegate.swift */; };
		EB0993941C17A258000EA308 /* ViewController.swift in Sources */ = {isa = PBXBuildFile; fileRef = EB0993931C17A258000EA308 /* ViewController.swift */; };
		EB0993971C17A258000EA308 /* Main.storyboard in Resources */ = {isa = PBXBuildFile; fileRef = EB0993951C17A258000EA308 /* Main.storyboard */; };
		EB0993991C17A258000EA308 /* Assets.xcassets in Resources */ = {isa = PBXBuildFile; fileRef = EB0993981C17A258000EA308 /* Assets.xcassets */; };
		EB09939C1C17A258000EA308 /* LaunchScreen.storyboard in Resources */ = {isa = PBXBuildFile; fileRef = EB09939A1C17A258000EA308 /* LaunchScreen.storyboard */; };
		EB0993A71C17A258000EA308 /* UmamiTests.swift in Sources */ = {isa = PBXBuildFile; fileRef = EB0993A61C17A258000EA308 /* UmamiTests.swift */; };
		EB0993B21C17A258000EA308 /* UmamiUITests.swift in Sources */ = {isa = PBXBuildFile; fileRef = EB0993B11C17A258000EA308 /* UmamiUITests.swift */; };
		EB0993C31C17A2E9000EA308 /* SWRevealViewController.m in Sources */ = {isa = PBXBuildFile; fileRef = EB0993C21C17A2E9000EA308 /* SWRevealViewController.m */; settings = {ASSET_TAGS = (); }; };
		EB0993C51C17A33F000EA308 /* MenuController.swift in Sources */ = {isa = PBXBuildFile; fileRef = EB0993C41C17A33F000EA308 /* MenuController.swift */; settings = {ASSET_TAGS = (); }; };
		EB0993C71C17A7DA000EA308 /* RecipesTableViewController.swift in Sources */ = {isa = PBXBuildFile; fileRef = EB0993C61C17A7DA000EA308 /* RecipesTableViewController.swift */; settings = {ASSET_TAGS = (); }; };
		EB8288641C17DB1A003D612A /* AcousticModelEnglish.bundle in Resources */ = {isa = PBXBuildFile; fileRef = EB8288601C17DB1A003D612A /* AcousticModelEnglish.bundle */; settings = {ASSET_TAGS = (); }; };
		EB8288651C17DB1A003D612A /* AcousticModelSpanish.bundle in Resources */ = {isa = PBXBuildFile; fileRef = EB8288611C17DB1A003D612A /* AcousticModelSpanish.bundle */; settings = {ASSET_TAGS = (); }; };
		EB8288661C17DB1A003D612A /* OpenEars.framework in Frameworks */ = {isa = PBXBuildFile; fileRef = EB8288621C17DB1A003D612A /* OpenEars.framework */; settings = {ASSET_TAGS = (); }; };
		EB8288671C17DB1A003D612A /* Slt.framework in Frameworks */ = {isa = PBXBuildFile; fileRef = EB8288631C17DB1A003D612A /* Slt.framework */; settings = {ASSET_TAGS = (); }; };
		EB8288691C17DB9D003D612A /* OpenEarsViewController.swift in Sources */ = {isa = PBXBuildFile; fileRef = EB8288681C17DB9D003D612A /* OpenEarsViewController.swift */; settings = {ASSET_TAGS = (); }; };
		EBC5B6DE1C17B18600EBF81F /* SettingsViewController.swift in Sources */ = {isa = PBXBuildFile; fileRef = EBC5B6DD1C17B18600EBF81F /* SettingsViewController.swift */; settings = {ASSET_TAGS = (); }; };
/* End PBXBuildFile section */

/* Begin PBXContainerItemProxy section */
		EB0993A31C17A258000EA308 /* PBXContainerItemProxy */ = {
			isa = PBXContainerItemProxy;
			containerPortal = EB0993861C17A258000EA308 /* Project object */;
			proxyType = 1;
			remoteGlobalIDString = EB09938D1C17A258000EA308;
			remoteInfo = Umami;
		};
		EB0993AE1C17A258000EA308 /* PBXContainerItemProxy */ = {
			isa = PBXContainerItemProxy;
			containerPortal = EB0993861C17A258000EA308 /* Project object */;
			proxyType = 1;
			remoteGlobalIDString = EB09938D1C17A258000EA308;
			remoteInfo = Umami;
		};
/* End PBXContainerItemProxy section */

/* Begin PBXFileReference section */
		EB09938E1C17A258000EA308 /* Umami.app */ = {isa = PBXFileReference; explicitFileType = wrapper.application; includeInIndex = 0; path = Umami.app; sourceTree = BUILT_PRODUCTS_DIR; };
		EB0993911C17A258000EA308 /* AppDelegate.swift */ = {isa = PBXFileReference; lastKnownFileType = sourcecode.swift; path = AppDelegate.swift; sourceTree = "<group>"; };
		EB0993931C17A258000EA308 /* ViewController.swift */ = {isa = PBXFileReference; lastKnownFileType = sourcecode.swift; path = ViewController.swift; sourceTree = "<group>"; };
		EB0993961C17A258000EA308 /* Base */ = {isa = PBXFileReference; lastKnownFileType = file.storyboard; name = Base; path = Base.lproj/Main.storyboard; sourceTree = "<group>"; };
		EB0993981C17A258000EA308 /* Assets.xcassets */ = {isa = PBXFileReference; lastKnownFileType = folder.assetcatalog; path = Assets.xcassets; sourceTree = "<group>"; };
		EB09939B1C17A258000EA308 /* Base */ = {isa = PBXFileReference; lastKnownFileType = file.storyboard; name = Base; path = Base.lproj/LaunchScreen.storyboard; sourceTree = "<group>"; };
		EB09939D1C17A258000EA308 /* Info.plist */ = {isa = PBXFileReference; lastKnownFileType = text.plist.xml; path = Info.plist; sourceTree = "<group>"; };
		EB0993A21C17A258000EA308 /* UmamiTests.xctest */ = {isa = PBXFileReference; explicitFileType = wrapper.cfbundle; includeInIndex = 0; path = UmamiTests.xctest; sourceTree = BUILT_PRODUCTS_DIR; };
		EB0993A61C17A258000EA308 /* UmamiTests.swift */ = {isa = PBXFileReference; lastKnownFileType = sourcecode.swift; path = UmamiTests.swift; sourceTree = "<group>"; };
		EB0993A81C17A258000EA308 /* Info.plist */ = {isa = PBXFileReference; lastKnownFileType = text.plist.xml; path = Info.plist; sourceTree = "<group>"; };
		EB0993AD1C17A258000EA308 /* UmamiUITests.xctest */ = {isa = PBXFileReference; explicitFileType = wrapper.cfbundle; includeInIndex = 0; path = UmamiUITests.xctest; sourceTree = BUILT_PRODUCTS_DIR; };
		EB0993B11C17A258000EA308 /* UmamiUITests.swift */ = {isa = PBXFileReference; lastKnownFileType = sourcecode.swift; path = UmamiUITests.swift; sourceTree = "<group>"; };
		EB0993B31C17A258000EA308 /* Info.plist */ = {isa = PBXFileReference; lastKnownFileType = text.plist.xml; path = Info.plist; sourceTree = "<group>"; };
		EB0993C01C17A2E8000EA308 /* Umami-Bridging-Header.h */ = {isa = PBXFileReference; lastKnownFileType = sourcecode.c.h; path = "Umami-Bridging-Header.h"; sourceTree = "<group>"; };
		EB0993C11C17A2E9000EA308 /* SWRevealViewController.h */ = {isa = PBXFileReference; fileEncoding = 4; lastKnownFileType = sourcecode.c.h; path = SWRevealViewController.h; sourceTree = "<group>"; };
		EB0993C21C17A2E9000EA308 /* SWRevealViewController.m */ = {isa = PBXFileReference; fileEncoding = 4; lastKnownFileType = sourcecode.c.objc; path = SWRevealViewController.m; sourceTree = "<group>"; };
		EB0993C41C17A33F000EA308 /* MenuController.swift */ = {isa = PBXFileReference; fileEncoding = 4; lastKnownFileType = sourcecode.swift; path = MenuController.swift; sourceTree = "<group>"; };
		EB0993C61C17A7DA000EA308 /* RecipesTableViewController.swift */ = {isa = PBXFileReference; fileEncoding = 4; lastKnownFileType = sourcecode.swift; path = RecipesTableViewController.swift; sourceTree = "<group>"; };
		EB8288601C17DB1A003D612A /* AcousticModelEnglish.bundle */ = {isa = PBXFileReference; lastKnownFileType = "wrapper.plug-in"; path = AcousticModelEnglish.bundle; sourceTree = "<group>"; };
		EB8288611C17DB1A003D612A /* AcousticModelSpanish.bundle */ = {isa = PBXFileReference; lastKnownFileType = "wrapper.plug-in"; path = AcousticModelSpanish.bundle; sourceTree = "<group>"; };
		EB8288621C17DB1A003D612A /* OpenEars.framework */ = {isa = PBXFileReference; lastKnownFileType = wrapper.framework; path = OpenEars.framework; sourceTree = "<group>"; };
		EB8288631C17DB1A003D612A /* Slt.framework */ = {isa = PBXFileReference; lastKnownFileType = wrapper.framework; path = Slt.framework; sourceTree = "<group>"; };
		EB8288681C17DB9D003D612A /* OpenEarsViewController.swift */ = {isa = PBXFileReference; fileEncoding = 4; lastKnownFileType = sourcecode.swift; path = OpenEarsViewController.swift; sourceTree = "<group>"; };
		EBC5B6DD1C17B18600EBF81F /* SettingsViewController.swift */ = {isa = PBXFileReference; fileEncoding = 4; lastKnownFileType = sourcecode.swift; path = SettingsViewController.swift; sourceTree = "<group>"; };
/* End PBXFileReference section */

/* Begin PBXFrameworksBuildPhase section */
		EB09938B1C17A258000EA308 /* Frameworks */ = {
			isa = PBXFrameworksBuildPhase;
			buildActionMask = 2147483647;
			files = (
				EB8288671C17DB1A003D612A /* Slt.framework in Frameworks */,
				EB8288661C17DB1A003D612A /* OpenEars.framework in Frameworks */,
			);
			runOnlyForDeploymentPostprocessing = 0;
		};
		EB09939F1C17A258000EA308 /* Frameworks */ = {
			isa = PBXFrameworksBuildPhase;
			buildActionMask = 2147483647;
			files = (
			);
			runOnlyForDeploymentPostprocessing = 0;
		};
		EB0993AA1C17A258000EA308 /* Frameworks */ = {
			isa = PBXFrameworksBuildPhase;
			buildActionMask = 2147483647;
			files = (
			);
			runOnlyForDeploymentPostprocessing = 0;
		};
/* End PBXFrameworksBuildPhase section */

/* Begin PBXGroup section */
		EB0993851C17A258000EA308 = {
			isa = PBXGroup;
			children = (
				EB0993901C17A258000EA308 /* Umami */,
				EB0993A51C17A258000EA308 /* UmamiTests */,
				EB0993B01C17A258000EA308 /* UmamiUITests */,
				EB09938F1C17A258000EA308 /* Products */,
			);
			sourceTree = "<group>";
		};
		EB09938F1C17A258000EA308 /* Products */ = {
			isa = PBXGroup;
			children = (
				EB09938E1C17A258000EA308 /* Umami.app */,
				EB0993A21C17A258000EA308 /* UmamiTests.xctest */,
				EB0993AD1C17A258000EA308 /* UmamiUITests.xctest */,
			);
			name = Products;
			sourceTree = "<group>";
		};
		EB0993901C17A258000EA308 /* Umami */ = {
			isa = PBXGroup;
			children = (
				EB82885F1C17DB1A003D612A /* Framework */,
				EB0993BF1C17A2B7000EA308 /* SWRevealViewController */,
				EB0993C01C17A2E8000EA308 /* Umami-Bridging-Header.h */,
				EB0993911C17A258000EA308 /* AppDelegate.swift */,
				EB0993931C17A258000EA308 /* ViewController.swift */,
				EB0993951C17A258000EA308 /* Main.storyboard */,
				EB0993981C17A258000EA308 /* Assets.xcassets */,
				EB09939A1C17A258000EA308 /* LaunchScreen.storyboard */,
				EB09939D1C17A258000EA308 /* Info.plist */,
				EB0993C41C17A33F000EA308 /* MenuController.swift */,
				EB0993C61C17A7DA000EA308 /* RecipesTableViewController.swift */,
				EBC5B6DD1C17B18600EBF81F /* SettingsViewController.swift */,
				EB8288681C17DB9D003D612A /* OpenEarsViewController.swift */,
			);
			path = Umami;
			sourceTree = "<group>";
		};
		EB0993A51C17A258000EA308 /* UmamiTests */ = {
			isa = PBXGroup;
			children = (
				EB0993A61C17A258000EA308 /* UmamiTests.swift */,
				EB0993A81C17A258000EA308 /* Info.plist */,
			);
			path = UmamiTests;
			sourceTree = "<group>";
		};
		EB0993B01C17A258000EA308 /* UmamiUITests */ = {
			isa = PBXGroup;
			children = (
				EB0993B11C17A258000EA308 /* UmamiUITests.swift */,
				EB0993B31C17A258000EA308 /* Info.plist */,
			);
			path = UmamiUITests;
			sourceTree = "<group>";
		};
		EB0993BF1C17A2B7000EA308 /* SWRevealViewController */ = {
			isa = PBXGroup;
			children = (
				EB0993C11C17A2E9000EA308 /* SWRevealViewController.h */,
				EB0993C21C17A2E9000EA308 /* SWRevealViewController.m */,
			);
			name = SWRevealViewController;
			sourceTree = "<group>";
		};
		EB82885F1C17DB1A003D612A /* Framework */ = {
			isa = PBXGroup;
			children = (
				EB8288601C17DB1A003D612A /* AcousticModelEnglish.bundle */,
				EB8288611C17DB1A003D612A /* AcousticModelSpanish.bundle */,
				EB8288621C17DB1A003D612A /* OpenEars.framework */,
				EB8288631C17DB1A003D612A /* Slt.framework */,
			);
			path = Framework;
			sourceTree = "<group>";
		};
/* End PBXGroup section */

/* Begin PBXNativeTarget section */
		EB09938D1C17A258000EA308 /* Umami */ = {
			isa = PBXNativeTarget;
			buildConfigurationList = EB0993B61C17A258000EA308 /* Build configuration list for PBXNativeTarget "Umami" */;
			buildPhases = (
				EB09938A1C17A258000EA308 /* Sources */,
				EB09938B1C17A258000EA308 /* Frameworks */,
				EB09938C1C17A258000EA308 /* Resources */,
			);
			buildRules = (
			);
			dependencies = (
			);
			name = Umami;
			productName = Umami;
			productReference = EB09938E1C17A258000EA308 /* Umami.app */;
			productType = "com.apple.product-type.application";
		};
		EB0993A11C17A258000EA308 /* UmamiTests */ = {
			isa = PBXNativeTarget;
			buildConfigurationList = EB0993B91C17A258000EA308 /* Build configuration list for PBXNativeTarget "UmamiTests" */;
			buildPhases = (
				EB09939E1C17A258000EA308 /* Sources */,
				EB09939F1C17A258000EA308 /* Frameworks */,
				EB0993A01C17A258000EA308 /* Resources */,
			);
			buildRules = (
			);
			dependencies = (
				EB0993A41C17A258000EA308 /* PBXTargetDependency */,
			);
			name = UmamiTests;
			productName = UmamiTests;
			productReference = EB0993A21C17A258000EA308 /* UmamiTests.xctest */;
			productType = "com.apple.product-type.bundle.unit-test";
		};
		EB0993AC1C17A258000EA308 /* UmamiUITests */ = {
			isa = PBXNativeTarget;
			buildConfigurationList = EB0993BC1C17A258000EA308 /* Build configuration list for PBXNativeTarget "UmamiUITests" */;
			buildPhases = (
				EB0993A91C17A258000EA308 /* Sources */,
				EB0993AA1C17A258000EA308 /* Frameworks */,
				EB0993AB1C17A258000EA308 /* Resources */,
			);
			buildRules = (
			);
			dependencies = (
				EB0993AF1C17A258000EA308 /* PBXTargetDependency */,
			);
			name = UmamiUITests;
			productName = UmamiUITests;
			productReference = EB0993AD1C17A258000EA308 /* UmamiUITests.xctest */;
			productType = "com.apple.product-type.bundle.ui-testing";
		};
/* End PBXNativeTarget section */

/* Begin PBXProject section */
		EB0993861C17A258000EA308 /* Project object */ = {
			isa = PBXProject;
			attributes = {
				LastSwiftUpdateCheck = 0700;
				LastUpgradeCheck = 0700;
				ORGANIZATIONNAME = "Honey Badger";
				TargetAttributes = {
					EB09938D1C17A258000EA308 = {
						CreatedOnToolsVersion = 7.0.1;
					};
					EB0993A11C17A258000EA308 = {
						CreatedOnToolsVersion = 7.0.1;
						TestTargetID = EB09938D1C17A258000EA308;
					};
					EB0993AC1C17A258000EA308 = {
						CreatedOnToolsVersion = 7.0.1;
						TestTargetID = EB09938D1C17A258000EA308;
					};
				};
			};
			buildConfigurationList = EB0993891C17A258000EA308 /* Build configuration list for PBXProject "Umami" */;
			compatibilityVersion = "Xcode 3.2";
			developmentRegion = English;
			hasScannedForEncodings = 0;
			knownRegions = (
				en,
				Base,
			);
			mainGroup = EB0993851C17A258000EA308;
			productRefGroup = EB09938F1C17A258000EA308 /* Products */;
			projectDirPath = "";
			projectRoot = "";
			targets = (
				EB09938D1C17A258000EA308 /* Umami */,
				EB0993A11C17A258000EA308 /* UmamiTests */,
				EB0993AC1C17A258000EA308 /* UmamiUITests */,
			);
		};
/* End PBXProject section */

/* Begin PBXResourcesBuildPhase section */
		EB09938C1C17A258000EA308 /* Resources */ = {
			isa = PBXResourcesBuildPhase;
			buildActionMask = 2147483647;
			files = (
				EB09939C1C17A258000EA308 /* LaunchScreen.storyboard in Resources */,
				EB8288651C17DB1A003D612A /* AcousticModelSpanish.bundle in Resources */,
				EB8288641C17DB1A003D612A /* AcousticModelEnglish.bundle in Resources */,
				EB0993991C17A258000EA308 /* Assets.xcassets in Resources */,
				EB0993971C17A258000EA308 /* Main.storyboard in Resources */,
			);
			runOnlyForDeploymentPostprocessing = 0;
		};
		EB0993A01C17A258000EA308 /* Resources */ = {
			isa = PBXResourcesBuildPhase;
			buildActionMask = 2147483647;
			files = (
			);
			runOnlyForDeploymentPostprocessing = 0;
		};
		EB0993AB1C17A258000EA308 /* Resources */ = {
			isa = PBXResourcesBuildPhase;
			buildActionMask = 2147483647;
			files = (
			);
			runOnlyForDeploymentPostprocessing = 0;
		};
/* End PBXResourcesBuildPhase section */

/* Begin PBXSourcesBuildPhase section */
		EB09938A1C17A258000EA308 /* Sources */ = {
			isa = PBXSourcesBuildPhase;
			buildActionMask = 2147483647;
			files = (
				EB0993C51C17A33F000EA308 /* MenuController.swift in Sources */,
				EB0993941C17A258000EA308 /* ViewController.swift in Sources */,
				EB0993921C17A258000EA308 /* AppDelegate.swift in Sources */,
				EB8288691C17DB9D003D612A /* OpenEarsViewController.swift in Sources */,
				EB0993C31C17A2E9000EA308 /* SWRevealViewController.m in Sources */,
				EB0993C71C17A7DA000EA308 /* RecipesTableViewController.swift in Sources */,
				EBC5B6DE1C17B18600EBF81F /* SettingsViewController.swift in Sources */,
			);
			runOnlyForDeploymentPostprocessing = 0;
		};
		EB09939E1C17A258000EA308 /* Sources */ = {
			isa = PBXSourcesBuildPhase;
			buildActionMask = 2147483647;
			files = (
				EB0993A71C17A258000EA308 /* UmamiTests.swift in Sources */,
			);
			runOnlyForDeploymentPostprocessing = 0;
		};
		EB0993A91C17A258000EA308 /* Sources */ = {
			isa = PBXSourcesBuildPhase;
			buildActionMask = 2147483647;
			files = (
				EB0993B21C17A258000EA308 /* UmamiUITests.swift in Sources */,
			);
			runOnlyForDeploymentPostprocessing = 0;
		};
/* End PBXSourcesBuildPhase section */

/* Begin PBXTargetDependency section */
		EB0993A41C17A258000EA308 /* PBXTargetDependency */ = {
			isa = PBXTargetDependency;
			target = EB09938D1C17A258000EA308 /* Umami */;
			targetProxy = EB0993A31C17A258000EA308 /* PBXContainerItemProxy */;
		};
		EB0993AF1C17A258000EA308 /* PBXTargetDependency */ = {
			isa = PBXTargetDependency;
			target = EB09938D1C17A258000EA308 /* Umami */;
			targetProxy = EB0993AE1C17A258000EA308 /* PBXContainerItemProxy */;
		};
/* End PBXTargetDependency section */

/* Begin PBXVariantGroup section */
		EB0993951C17A258000EA308 /* Main.storyboard */ = {
			isa = PBXVariantGroup;
			children = (
				EB0993961C17A258000EA308 /* Base */,
			);
			name = Main.storyboard;
			sourceTree = "<group>";
		};
		EB09939A1C17A258000EA308 /* LaunchScreen.storyboard */ = {
			isa = PBXVariantGroup;
			children = (
				EB09939B1C17A258000EA308 /* Base */,
			);
			name = LaunchScreen.storyboard;
			sourceTree = "<group>";
		};
/* End PBXVariantGroup section */

/* Begin XCBuildConfiguration section */
		EB0993B41C17A258000EA308 /* Debug */ = {
			isa = XCBuildConfiguration;
			buildSettings = {
				ALWAYS_SEARCH_USER_PATHS = NO;
				CLANG_CXX_LANGUAGE_STANDARD = "gnu++0x";
				CLANG_CXX_LIBRARY = "libc++";
				CLANG_ENABLE_MODULES = YES;
				CLANG_ENABLE_OBJC_ARC = YES;
				CLANG_WARN_BOOL_CONVERSION = YES;
				CLANG_WARN_CONSTANT_CONVERSION = YES;
				CLANG_WARN_DIRECT_OBJC_ISA_USAGE = YES_ERROR;
				CLANG_WARN_EMPTY_BODY = YES;
				CLANG_WARN_ENUM_CONVERSION = YES;
				CLANG_WARN_INT_CONVERSION = YES;
				CLANG_WARN_OBJC_ROOT_CLASS = YES_ERROR;
				CLANG_WARN_UNREACHABLE_CODE = YES;
				CLANG_WARN__DUPLICATE_METHOD_MATCH = YES;
				"CODE_SIGN_IDENTITY[sdk=iphoneos*]" = "iPhone Developer";
				COPY_PHASE_STRIP = NO;
				DEBUG_INFORMATION_FORMAT = dwarf;
				DEFINES_MODULE = NO;
				ENABLE_STRICT_OBJC_MSGSEND = YES;
				ENABLE_TESTABILITY = YES;
				GCC_C_LANGUAGE_STANDARD = gnu99;
				GCC_DYNAMIC_NO_PIC = NO;
				GCC_NO_COMMON_BLOCKS = YES;
				GCC_OPTIMIZATION_LEVEL = 0;
				GCC_PREPROCESSOR_DEFINITIONS = (
					"DEBUG=1",
					"$(inherited)",
				);
				GCC_WARN_64_TO_32_BIT_CONVERSION = YES;
				GCC_WARN_ABOUT_RETURN_TYPE = YES_ERROR;
				GCC_WARN_UNDECLARED_SELECTOR = YES;
				GCC_WARN_UNINITIALIZED_AUTOS = YES_AGGRESSIVE;
				GCC_WARN_UNUSED_FUNCTION = YES;
				GCC_WARN_UNUSED_VARIABLE = YES;
				IPHONEOS_DEPLOYMENT_TARGET = 9.0;
				MTL_ENABLE_DEBUG_INFO = YES;
				ONLY_ACTIVE_ARCH = YES;
				SDKROOT = iphoneos;
				SWIFT_OPTIMIZATION_LEVEL = "-Onone";
				TARGETED_DEVICE_FAMILY = "1,2";
			};
			name = Debug;
		};
		EB0993B51C17A258000EA308 /* Release */ = {
			isa = XCBuildConfiguration;
			buildSettings = {
				ALWAYS_SEARCH_USER_PATHS = NO;
				CLANG_CXX_LANGUAGE_STANDARD = "gnu++0x";
				CLANG_CXX_LIBRARY = "libc++";
				CLANG_ENABLE_MODULES = YES;
				CLANG_ENABLE_OBJC_ARC = YES;
				CLANG_WARN_BOOL_CONVERSION = YES;
				CLANG_WARN_CONSTANT_CONVERSION = YES;
				CLANG_WARN_DIRECT_OBJC_ISA_USAGE = YES_ERROR;
				CLANG_WARN_EMPTY_BODY = YES;
				CLANG_WARN_ENUM_CONVERSION = YES;
				CLANG_WARN_INT_CONVERSION = YES;
				CLANG_WARN_OBJC_ROOT_CLASS = YES_ERROR;
				CLANG_WARN_UNREACHABLE_CODE = YES;
				CLANG_WARN__DUPLICATE_METHOD_MATCH = YES;
				"CODE_SIGN_IDENTITY[sdk=iphoneos*]" = "iPhone Developer";
				COPY_PHASE_STRIP = NO;
				DEBUG_INFORMATION_FORMAT = "dwarf-with-dsym";
				DEFINES_MODULE = NO;
				ENABLE_NS_ASSERTIONS = NO;
				ENABLE_STRICT_OBJC_MSGSEND = YES;
				GCC_C_LANGUAGE_STANDARD = gnu99;
				GCC_NO_COMMON_BLOCKS = YES;
				GCC_WARN_64_TO_32_BIT_CONVERSION = YES;
				GCC_WARN_ABOUT_RETURN_TYPE = YES_ERROR;
				GCC_WARN_UNDECLARED_SELECTOR = YES;
				GCC_WARN_UNINITIALIZED_AUTOS = YES_AGGRESSIVE;
				GCC_WARN_UNUSED_FUNCTION = YES;
				GCC_WARN_UNUSED_VARIABLE = YES;
				IPHONEOS_DEPLOYMENT_TARGET = 9.0;
				MTL_ENABLE_DEBUG_INFO = NO;
				SDKROOT = iphoneos;
				TARGETED_DEVICE_FAMILY = "1,2";
				VALIDATE_PRODUCT = YES;
			};
			name = Release;
		};
		EB0993B71C17A258000EA308 /* Debug */ = {
			isa = XCBuildConfiguration;
			buildSettings = {
				ASSETCATALOG_COMPILER_APPICON_NAME = AppIcon;
				CLANG_ENABLE_MODULES = YES;
				FRAMEWORK_SEARCH_PATHS = (
					"$(inherited)",
					"$(PROJECT_DIR)/Umami/Framework",
				);
				INFOPLIST_FILE = Umami/Info.plist;
				LD_RUNPATH_SEARCH_PATHS = "$(inherited) @executable_path/Frameworks";
				PRODUCT_BUNDLE_IDENTIFIER = com.umami.Umami;
				PRODUCT_NAME = "$(TARGET_NAME)";
				SWIFT_OBJC_BRIDGING_HEADER = "Umami/Umami-Bridging-Header.h";
				SWIFT_OPTIMIZATION_LEVEL = "-Onone";
			};
			name = Debug;
		};
		EB0993B81C17A258000EA308 /* Release */ = {
			isa = XCBuildConfiguration;
			buildSettings = {
				ASSETCATALOG_COMPILER_APPICON_NAME = AppIcon;
				CLANG_ENABLE_MODULES = YES;
				FRAMEWORK_SEARCH_PATHS = (
					"$(inherited)",
					"$(PROJECT_DIR)/Umami/Framework",
				);
				INFOPLIST_FILE = Umami/Info.plist;
				LD_RUNPATH_SEARCH_PATHS = "$(inherited) @executable_path/Frameworks";
				PRODUCT_BUNDLE_IDENTIFIER = com.umami.Umami;
				PRODUCT_NAME = "$(TARGET_NAME)";
				SWIFT_OBJC_BRIDGING_HEADER = "Umami/Umami-Bridging-Header.h";
			};
			name = Release;
		};
		EB0993BA1C17A258000EA308 /* Debug */ = {
			isa = XCBuildConfiguration;
			buildSettings = {
				BUNDLE_LOADER = "$(TEST_HOST)";
				INFOPLIST_FILE = UmamiTests/Info.plist;
				LD_RUNPATH_SEARCH_PATHS = "$(inherited) @executable_path/Frameworks @loader_path/Frameworks";
				PRODUCT_BUNDLE_IDENTIFIER = com.umami.UmamiTests;
				PRODUCT_NAME = "$(TARGET_NAME)";
				TEST_HOST = "$(BUILT_PRODUCTS_DIR)/Umami.app/Umami";
			};
			name = Debug;
		};
		EB0993BB1C17A258000EA308 /* Release */ = {
			isa = XCBuildConfiguration;
			buildSettings = {
				BUNDLE_LOADER = "$(TEST_HOST)";
				INFOPLIST_FILE = UmamiTests/Info.plist;
				LD_RUNPATH_SEARCH_PATHS = "$(inherited) @executable_path/Frameworks @loader_path/Frameworks";
				PRODUCT_BUNDLE_IDENTIFIER = com.umami.UmamiTests;
				PRODUCT_NAME = "$(TARGET_NAME)";
				TEST_HOST = "$(BUILT_PRODUCTS_DIR)/Umami.app/Umami";
			};
			name = Release;
		};
		EB0993BD1C17A258000EA308 /* Debug */ = {
			isa = XCBuildConfiguration;
			buildSettings = {
				INFOPLIST_FILE = UmamiUITests/Info.plist;
				LD_RUNPATH_SEARCH_PATHS = "$(inherited) @executable_path/Frameworks @loader_path/Frameworks";
				PRODUCT_BUNDLE_IDENTIFIER = com.umami.UmamiUITests;
				PRODUCT_NAME = "$(TARGET_NAME)";
				TEST_TARGET_NAME = Umami;
				USES_XCTRUNNER = YES;
			};
			name = Debug;
		};
		EB0993BE1C17A258000EA308 /* Release */ = {
			isa = XCBuildConfiguration;
			buildSettings = {
				INFOPLIST_FILE = UmamiUITests/Info.plist;
				LD_RUNPATH_SEARCH_PATHS = "$(inherited) @executable_path/Frameworks @loader_path/Frameworks";
				PRODUCT_BUNDLE_IDENTIFIER = com.umami.UmamiUITests;
				PRODUCT_NAME = "$(TARGET_NAME)";
				TEST_TARGET_NAME = Umami;
				USES_XCTRUNNER = YES;
			};
			name = Release;
		};
/* End XCBuildConfiguration section */

/* Begin XCConfigurationList section */
		EB0993891C17A258000EA308 /* Build configuration list for PBXProject "Umami" */ = {
			isa = XCConfigurationList;
			buildConfigurations = (
				EB0993B41C17A258000EA308 /* Debug */,
				EB0993B51C17A258000EA308 /* Release */,
			);
			defaultConfigurationIsVisible = 0;
			defaultConfigurationName = Release;
		};
		EB0993B61C17A258000EA308 /* Build configuration list for PBXNativeTarget "Umami" */ = {
			isa = XCConfigurationList;
			buildConfigurations = (
				EB0993B71C17A258000EA308 /* Debug */,
				EB0993B81C17A258000EA308 /* Release */,
			);
			defaultConfigurationIsVisible = 0;
			defaultConfigurationName = Release;
		};
		EB0993B91C17A258000EA308 /* Build configuration list for PBXNativeTarget "UmamiTests" */ = {
			isa = XCConfigurationList;
			buildConfigurations = (
				EB0993BA1C17A258000EA308 /* Debug */,
				EB0993BB1C17A258000EA308 /* Release */,
			);
			defaultConfigurationIsVisible = 0;
			defaultConfigurationName = Release;
		};
		EB0993BC1C17A258000EA308 /* Build configuration list for PBXNativeTarget "UmamiUITests" */ = {
			isa = XCConfigurationList;
			buildConfigurations = (
				EB0993BD1C17A258000EA308 /* Debug */,
				EB0993BE1C17A258000EA308 /* Release */,
			);
			defaultConfigurationIsVisible = 0;
			defaultConfigurationName = Release;
		};
/* End XCConfigurationList section */
	};
	rootObject = EB0993861C17A258000EA308 /* Project object */;
}
